
Microsoft Visual Studio Solution File, Format Version 12.00
# Visual Studio 2013
VisualStudioVersion = 12.0.21005.1
MinimumVisualStudioVersion = 10.0.40219.1
Project("{E24C65DC-7377-472B-9ABA-BC803B73C61A}") = "JavaScriptWeb", "http://localhost:23186", "{3839B95B-86D9-4472-8B96-023C86EC4731}"
	ProjectSection(WebsiteProperties) = preProject
		UseIISExpress = "true"
		TargetFrameworkMoniker = ".NETFramework,Version%3Dv4.0"
		Debug.AspNetCompiler.VirtualPath = "/localhost_23186"
		Debug.AspNetCompiler.PhysicalPath = "D:\Code\C#\JavaScriptWeb\"
		Debug.AspNetCompiler.TargetPath = "PrecompiledWeb\localhost_23186\"
		Debug.AspNetCompiler.Updateable = "true"
		Debug.AspNetCompiler.ForceOverwrite = "true"
		Debug.AspNetCompiler.FixedNames = "false"
		Debug.AspNetCompiler.Debug = "True"
		Release.AspNetCompiler.VirtualPath = "/localhost_23186"
		Release.AspNetCompiler.PhysicalPath = "D:\Code\C#\JavaScriptWeb\"
		Release.AspNetCompiler.TargetPath = "PrecompiledWeb\localhost_23186\"
		Release.AspNetCompiler.Updateable = "true"
		Release.AspNetCompiler.ForceOverwrite = "true"
		Release.AspNetCompiler.FixedNames = "false"
		Release.AspNetCompiler.Debug = "False"
		SlnRelativePath = "D:\Code\C#\JavaScriptWeb\"
	EndProjectSection
EndProject
Global
	GlobalSection(SolutionConfigurationPlatforms) = preSolution
		Debug|Any CPU = Debug|Any CPU
	EndGlobalSection
	GlobalSection(ProjectConfigurationPlatforms) = postSolution
		{3839B95B-86D9-4472-8B96-023C86EC4731}.Debug|Any CPU.ActiveCfg = Debug|Any CPU
		{3839B95B-86D9-4472-8B96-023C86EC4731}.Debug|Any CPU.Build.0 = Debug|Any CPU
	EndGlobalSection
	GlobalSection(SolutionProperties) = preSolution
		HideSolutionNode = FALSE
	EndGlobalSection
EndGlobal
